github.com/davecgh/go-spew v1.1.1 h1:vj9j/u1bqnvCEfJOwUhtlOARqs3+rkHYY13jYWTU97c=
github.com/davecgh/go-spew v1.1.1/go.mod h1:J7Y8YcW2NihsgmVo/mv3lAwl/skON4iLHjSsI+c5H38=
github.com/gomatic/go-error v0.3.13 h1:Q2PAw8lt87XGDZQorId6MeAmHRJxT47XOK5eVAs/lr4=
github.com/gomatic/go-error v0.3.13/go.mod h1:QVlrIcHreFp6u7n5UZiez8+eDllnV8eWP3vlDHSWnCo=
github.com/gomatic/go-sql v0.1.21 h1:/0dWd2mzxUiPa7Z3wtoZUSQm0UmvV/WWg23Rc6EsBL8=
github.com/gomatic/go-sql v0.1.21/go.mod h1:/Kx7Wgho2kovl8sc3AM6aBhYOWzQOPJhiyk2cHqaCLw=
github.com/gomatic/go-yze v0.10.1 h1:2DxqdP/KYc0mfs1VF2EeJXLActj3++LJuFLMB5gNBbs=
github.com/gomatic/go-yze v0.10.1/go.mod h1:BnhJLsAEu9wc0eCL4SOFOM/2yMowkSh8jz6okklSCLQ=
github.com/gomatic/yze-go-anonstruct v0.2.20 h1:+h0N2t0vpGL220HlZes3C7H8uBuRMj8I7dMnxG06U/s=
github.com/gomatic/yze-go-anonstruct v0.2.20/go.mod h1:h8dPueF3+2+RS/rsqirQm6mJl9jYM1U8ocySq1wj3Qw=
github.com/gomatic/yze-go-boolname v0.4.24 h1:SjTcjiAlN04d0DK/PaFasB8gzYSsFtirLywSftWwoQM=
github.com/gomatic/yze-go-boolname v0.4.24/go.mod h1:yCdeEuE4ZbeGo1h79G3fkeGYJaIWbeBOO9hLuSxqNO4=
github.com/gomatic/yze-go-cliapp v0.4.2 h1:oK+A4TU4nzIWziUobDBSmoxJ28TJgOnNmOUJ4eNse7A=
github.com/gomatic/yze-go-cliapp v0.4.2/go.mod h1:nst+IKjQCacF3Pxs8m6bHP9A8VVOjEn/NUBuW0SLGYs=
github.com/gomatic/yze-go-clidomain v0.2.1 h1:Z0yuzAzC+XVD0sq8H4Rq2QcDY/aX1VOJojhp8ELa3A4=
github.com/gomatic/yze-go-clidomain v0.2.1/go.mod h1:oYVdhJVWtiRshSwtFl+jUSdXlldU1011cLBAqorRqhg=
github.com/gomatic/yze-go-cliflags v0.2.0 h1:Hj92+n7HCCudBRAUgpqY7aYJunhdbaJRi42J+0Y/W84=
github.com/gomatic/yze-go-cliflags v0.2.0/go.mod h1:2MDMvzYKaYLsQ+mgqpiY7Jtk++ob1I7fEOjU8fvQhbk=
github.com/gomatic/yze-go-cliv3 v0.2.19 h1:2GpUNLRN4dE5ekXqaa48ZLcn503dass0U+ViBIG6rRI=
github.com/gomatic/yze-go-cliv3 v0.2.19/go.mod h1:u9LyHoccV+4ZfL5Lev6mJ+6GHZDUaWvczfiASzAgEQ0=
github.com/gomatic/yze-go-cliversion v0.2.17 h1:aB5nPq6nt4iM3lkEycYN7WPUcCbCiKRPpPjEUXSE8Dg=
github.com/gomatic/yze-go-cliversion v0.2.17/go.mod h1:Kmij0oGFLPxiIdqLbfxeJzQdWHtaJLLKVJKJ25PY8A8=
github.com/gomatic/yze-go-ctxfirst v0.2.15 h1:QLnWKQEPXdS/3nPHtUfEtpXqH080FEiSNsSUdQTlsWE=
github.com/gomatic/yze-go-ctxfirst v0.2.15/go.mod h1:K7Uosdxu5lObA31EcYjPu6kCdzDHB1rYvYCv6ecPaYw=
github.com/gomatic/yze-go-emptyiface v0.2.17 h1:jVDpgSUpnMWVqIOd+znst3rbnUXYBLTHv1HzMY60Rvg=
github.com/gomatic/yze-go-emptyiface v0.2.17/go.mod h1:hqr1C4v7123ODhppGUk3XR2rA5j1KIb/xkhykQpFj4U=
github.com/gomatic/yze-go-enumdiscrim v0.1.0 h1:IinsB9CovdVL/C6A8sJzpFMxSX9NNATgUXxnYnQbSeA=
github.com/gomatic/yze-go-enumdiscrim v0.1.0/go.mod h1:p1B6GmU2P6TYO4k30Ca6YoCj5HIQlp311v8YYB9CP2M=
github.com/gomatic/yze-go-errconst v0.3.14 h1:Q3/OoXvcP0h8x/ELSzTlXmygK9jyVunBLuCxDPwe7Ng=
github.com/gomatic/yze-go-errconst v0.3.14/go.mod h1:yRbljeQlQOchRmOw3qW6dSGed4aPVYZn3kRlFtlG0wg=
github.com/gomatic/yze-go-errlast v0.2.16 h1:mEFX3qheU+LDfQMEim6dMX9hF2yBtp6dd6/ketDIQjQ=
github.com/gomatic/yze-go-errlast v0.2.16/go.mod h1:t0vkByUm6H+frTrV19ORTbiysabB/uHGmz89CRL4zCA=
github.com/gomatic/yze-go-errtest v0.2.2 h1:QZhnLbSMGT4z5JqVRLf79b/o3Bs7soFfznD77paHUYQ=
github.com/gomatic/yze-go-errtest v0.2.2/go.mod h1:z08eknVSGcqkN6zECZn03Atqz0+c1NDSFe/csWMAj9c=
github.com/gomatic/yze-go-errtested v0.1.6 h1:G4eHR93cfNFvT92n+GCio6z8GQMBwtTQ7NZubEF8a60=
github.com/gomatic/yze-go-errtested v0.1.6/go.mod h1:+KB6QXVB+bnKaD30UcU9PKGKS6r8sQ+5wTrTDIWpPdM=
github.com/gomatic/yze-go-filesize v0.1.2 h1:AldvRTKWYXS58+Msq9MvSNNh4S8nL2sgrgRIKp88dmg=
github.com/gomatic/yze-go-filesize v0.1.2/go.mod h1:lNZXGGMtCwDchNMSBkd6GvS35oMZ1JMQ9EQiZPL+XqE=
github.com/gomatic/yze-go-fuzzassert v0.1.0 h1:MYBqo/wDcYWOL7ZLsfrQiBK7kruGkt25JBzOcXZVBZs=
github.com/gomatic/yze-go-fuzzassert v0.1.0/go.mod h1:OQaez+/H6AnpWOxsu8Yxvh76AqhXxJx34c5YGtHlmCU=
github.com/gomatic/yze-go-fuzzreq v0.1.0 h1:uBojKMLnWufBzrXD7lcUCMwU5D7pWdNs/gBt3o+X7tY=
github.com/gomatic/yze-go-fuzzreq v0.1.0/go.mod h1:XtMcDg77C7CM8d1iWBEdjVsrH24GlbuZleKu3cNfHTM=
github.com/gomatic/yze-go-globalvar v0.2.16 h1:xVkUwc6qAWamCEIxMeeIzdrdA/BP1OsWZEQXYmwxJMA=
github.com/gomatic/yze-go-globalvar v0.2.16/go.mod h1:dFJoJO2wAmYuBFQnpS2L1lTSvWD/4RPIU4N3TY9IZBA=
github.com/gomatic/yze-go-gotostmt v0.2.14 h1:GuY13BBJDtsCUH1b3dHofxNYowjKJV+YkWfpUsRLSoE=
github.com/gomatic/yze-go-gotostmt v0.2.14/go.mod h1:+QzeF7WRez9fO98Ia0ZPoBveTUnrjDODqFc6z5i37p0=
github.com/gomatic/yze-go-invariant v0.1.3 h1:SFqfpXTXGt9f1fyHHyDBo5xkwlRPkza+9yY2Tc4O+Zg=
github.com/gomatic/yze-go-invariant v0.1.3/go.mod h1:PyzuoclNLvHP0HSeHzGAKnlfzimLQCk8RF+0MyU7irk=
github.com/gomatic/yze-go-jsontag v0.3.18 h1:8+1GmcgbQxAjlRJXl/9AQ828hRmxEI59GHz7dvcEmoM=
github.com/gomatic/yze-go-jsontag v0.3.18/go.mod h1:ou7gelDZOMZ0fT9A7IDSC0zRZwmVgJgcSQKDJOKS6qI=
github.com/gomatic/yze-go-namedtypes v0.5.20 h1:ijBAn8mkZ1EYNU8VY/zK3BgYg1lPHKbR0bXsMrVpUyI=
github.com/gomatic/yze-go-namedtypes v0.5.20/go.mod h1:I0WZ2LHRQpF79iP180CIilUzGzAd0kdrSHXYvF05Nhg=
github.com/gomatic/yze-go-noinit v0.1.15 h1:8V/Bc6DgrzCvoYSFp4c6Tm10L4Qnh9YB6sRtkO624G0=
github.com/gomatic/yze-go-noinit v0.1.15/go.mod h1:AKIIZx039inA4GkGGzhvi/gspIu50nawczI04pli7eA=
github.com/gomatic/yze-go-nopanic v0.1.14 h1:01mxE3RxNLYq5b+9ukNKiTUoH55nWQ2g9YgAnSI3I4Q=
github.com/gomatic/yze-go-nopanic v0.1.14/go.mod h1:1YGX458yp6NYP9uynp9Wr45wplI55QALqBEll32xPH4=
github.com/gomatic/yze-go-ptrparam v0.6.18 h1:QdFrwCTywBgfPFN3ziFCnWUeTYPSvpDznt5e0e5StSA=
github.com/gomatic/yze-go-ptrparam v0.6.18/go.mod h1:X7EetZz14u+aODR9KDVj7nPr90oHzysMYNOpi7ATPZU=
github.com/gomatic/yze-go-ptrrecv v0.4.16 h1:+qVxwYKaXLSGuBW7yQkt+F32cFG1BSiy2EcWbSdldzc=
github.com/gomatic/yze-go-ptrrecv v0.4.16/go.mod h1:OGBGe3/rdZqiChLfLHdRkhl0D8Fe8Sua7KB06csXW2Q=
github.com/gomatic/yze-go-slogkv v0.1.14 h1:jbFOcOps8EiyPfPzbP07gKwA9t3FHs412teFcDhpeS4=
github.com/gomatic/yze-go-slogkv v0.1.14/go.mod h1:LKAHXFVhX33Fk7T1QWLsLXGwtntdYVnlYYbX5c4jbXg=
github.com/gomatic/yze-go-stdlog v0.2.15 h1:fA2bAOBVDkqIj1A5PneybHISX52CKK/euKLX4e9iI00=
github.com/gomatic/yze-go-stdlog v0.2.15/go.mod h1:3o4GrbbyvRfuA3umrnC26jaYL0YvADmZdeEEB3fxon4=
github.com/gomatic/yze-go-testfile v0.2.22 h1:CHJgeJNG7nSIezM1SfY6eiJxATzZtgRRHWWJyKQ93Vw=
github.com/gomatic/yze-go-testfile v0.2.22/go.mod h1:t+KrjtZvGTokyxuhmWlmSsTbAgGz32fCpfQW28b/RKk=
github.com/gomatic/yze-go-valuector v0.1.20 h1:JLfKhj+DDvFcg7Vwl7t7C2N4Z0q+t1ZVPkUbwEbC5qY=
github.com/gomatic/yze-go-valuector v0.1.20/go.mod h1:/kS/mmhVUuOQiD6J/yMVG51KlmBd2vSQqYIXIhcafTs=
github.com/gomatic/yze-sql-keywordcase v0.4.20 h1:02t5EWX9BG9RPKFC1q7sDOEm5QHvVsvUfjpZ0FNI5f4=
github.com/gomatic/yze-sql-keywordcase v0.4.20/go.mod h1:bZhUmXVtJEZ/SrYvmacdThyfzOJKz0QV+ofQNUBvdH4=
github.com/google/go-cmp v0.7.0 h1:wk8382ETsv4JYUZwIsn6YpYiWiBsYLSJiTsyBybVuN8=
github.com/google/go-cmp v0.7.0/go.mod h1:pXiqmnSA92OHEEa9HXL2W4E7lf9JzCmGVUdgjX3N/iU=
github.com/kr/pretty v0.3.1 h1:flRD4NNwYAUpkphVc1HcthR4KEIFJ65n8Mw5qdRn3LE=
github.com/kr/pretty v0.3.1/go.mod h1:hoEshYVHaxMs3cyo3Yncou5ZscifuDolrwPKZanG3xk=
github.com/kr/text v0.2.0 h1:5Nx0Ya0ZqY2ygV366QzturHI13Jq95ApcVaJBhpS+AY=
github.com/kr/text v0.2.0/go.mod h1:eLer722TekiGuMkidMxC/pM04lWEeraHUUmBw8l2grE=
github.com/pganalyze/pg_query_go/v6 v6.2.2 h1:O0L6zMC226R82RF3X5n0Ki6HjytDsoAzuzp4ATVAHNo=
github.com/pganalyze/pg_query_go/v6 v6.2.2/go.mod h1:Cn6+j4870kJz3iYNsb0VsNG04vpSWgEvBwc590J4qD0=
github.com/pmezard/go-difflib v1.0.0 h1:4DBwDE0NGyQoBHbLQYPwSUPoCMWR5BEzIk/f1lZbAQM=
github.com/pmezard/go-difflib v1.0.0/go.mod h1:iKH77koFhYxTK1pcRnkKkqfTogsbg7gZNVY4sRDYZ/4=
github.com/rogpeppe/go-internal v1.14.1 h1:UQB4HGPB6osV0SQTLymcB4TgvyWu6ZyliaW0tI/otEQ=
github.com/rogpeppe/go-internal v1.14.1/go.mod h1:MaRKkUm5W0goXpeCfT7UZI6fk/L7L7so1lCWt35ZSgc=
github.com/stretchr/testify v1.11.1 h1:7s2iGBzp5EwR7/aIZr8ao5+dra3wiQyKjjFuvgVKu7U=
github.com/stretchr/testify v1.11.1/go.mod h1:wZwfW3scLgRK+23gO65QZefKpKQRnfz6sD981Nm4B6U=
github.com/urfave/cli/v3 v3.10.1 h1:7Kx9H50hrHbRbyxgO1KP6/BcbiGRz0uYh5YyQ30JEEY=
github.com/urfave/cli/v3 v3.10.1/go.mod h1:ysVLtOEmg2tOy6PknnYVhDoouyC/6N42TMeoMzskhso=
golang.org/x/mod v0.38.0 h1:MECBjubtXD7yj4HrhIUcywNaGeNVUdfVnxmPajOk4yk=
golang.org/x/mod v0.38.0/go.mod h1:V6Xz0pq8TQ3dGqVQ1FVHuelZpAL0uNhSkk9ogYP3c40=
golang.org/x/sync v0.22.0 h1:SZjpbeLmrCk4xhRSZFNZW5gFUeCeFgjekvI/+gfScek=
golang.org/x/sync v0.22.0/go.mod h1:9xrNwdLfx4jkKbNva9FpL6vEN7evnE43NNNJQ2LF3+0=
golang.org/x/tools v0.48.0 h1:3+hClM1aLL5mjMKm5ovokw9epgRXPuu2tILgismM6RE=
golang.org/x/tools v0.48.0/go.mod h1:08xX0orndb/F7jJxGDicx061tyd5pcMto75YMAXr6lk=
google.golang.org/protobuf v1.36.11 h1:fV6ZwhNocDyBLK0dj+fg8ektcVegBBuEolpbTQyBNVE=
google.golang.org/protobuf v1.36.11/go.mod h1:HTf+CrKn2C3g5S8VImy6tdcUvCska2kB7j23XfzDpco=
gopkg.in/check.v1 v0.0.0-20161208181325-20d25e280405/go.mod h1:Co6ibVJAznAaIkqp8huTwlJQCZ016jof/cbN4VW5Yz0=
gopkg.in/check.v1 v1.0.0-20201130134442-10cb98267c6c h1:Hei/4ADfdWqJk1ZMxUNpqntNwaWcugrBjAiHlqqRiVk=
gopkg.in/check.v1 v1.0.0-20201130134442-10cb98267c6c/go.mod h1:JHkPIbrfpd72SG/EVd6muEfDQjcINNoR0C8j2r3qZ4Q=
gopkg.in/yaml.v3 v3.0.1 h1:fxVm/GzAzEWqLHuvctI91KS9hhNmmWOoWu0XTYJS7CA=
gopkg.in/yaml.v3 v3.0.1/go.mod h1:K4uyk7z7BCEPqu6E+C64Yfv1cQ7kz7rIZviUmN+EgEM=
