github.com/davecgh/go-spew v1.1.1 h1:vj9j/u1bqnvCEfJOwUhtlOARqs3+rkHYY13jYWTU97c=
github.com/davecgh/go-spew v1.1.1/go.mod h1:J7Y8YcW2NihsgmVo/mv3lAwl/skON4iLHjSsI+c5H38=
github.com/gomatic/go-error v0.3.0 h1:RTmlkCRDSaIaqhDK2VCKWiiiCRDI0Egesv/EoJLWtaI=
github.com/gomatic/go-error v0.3.0/go.mod h1:+PAmcazlzCIDFBglesekV1LUQTEaQB+5801gftMxgZY=
github.com/gomatic/go-yze v0.4.0 h1:HqJUz0LuU3H86BJ5QQLsJsege7L5OHoCbL71bFDIITk=
github.com/gomatic/go-yze v0.4.0/go.mod h1:II5yr/hDyoSTDqFoUvLAatPPXyx3dnOXXT/C7Y7h+Qc=
github.com/gomatic/yze-anonstruct v0.1.1 h1:dx0Dm2exftgzG3o20o3yj6I0w3T3R57momR2GSOwYjA=
github.com/gomatic/yze-anonstruct v0.1.1/go.mod h1:ZFRwD3fxL23zBAM8TIo7z2l9jSScSBCZKATwgdQOC0w=
github.com/gomatic/yze-boolname v0.1.1 h1:0GWgVaSxKyjyisiJlQ1u2wnAHRG70jsokS9e06DSgks=
github.com/gomatic/yze-boolname v0.1.1/go.mod h1:sFOYIDXRINApr9CLsGhjWTPyMZTAv1gMbUMDcHyC2ew=
github.com/gomatic/yze-cliv3 v0.1.0 h1:lF11u8qZSINtdg2qPCtIOjU3c0NF5aqDTKzzlOpaNXs=
github.com/gomatic/yze-cliv3 v0.1.0/go.mod h1:dyRsZNuvVkbyfbt5wwx546P+q6nZ+QIPD6jZ/HfquH0=
github.com/gomatic/yze-cliversion v0.1.0 h1:NMhTkEjEAVClOC3+WnB/tp0nuEceThlxWIrPPuT2rzU=
github.com/gomatic/yze-cliversion v0.1.0/go.mod h1:Xz9c252Pd7ROQy83Go1a0Gz07tbkb/+NJ/saQyJG6/Y=
github.com/gomatic/yze-ctxfirst v0.1.1 h1:TUWc0Z5n4n6bPgl6End00N84QjQTNp331GN6/Ngcmhc=
github.com/gomatic/yze-ctxfirst v0.1.1/go.mod h1:LG43BAut9lA+jkKb+r1j09pbQUHujPBc55dTuqUvcWc=
github.com/gomatic/yze-emptyiface v0.1.0 h1:THh5E8xlPIujqEnHHOjDzHyhuNp7Ove1m8m7x05rqQY=
github.com/gomatic/yze-emptyiface v0.1.0/go.mod h1:shQL4yr7C/5cT3cwQIYFXT6m3gwGNmGf4EyrMxST2iY=
github.com/gomatic/yze-errconst v0.1.0 h1:3IPdBbQKJSlPK6ISwMIOM/0yO5E1287X0L9eaBSFfBk=
github.com/gomatic/yze-errconst v0.1.0/go.mod h1:ZCiHn8S0agh7G009nSGjnANy6GS23+nmv5ah4Ws2qSE=
github.com/gomatic/yze-errlast v0.1.1 h1:oe2CefHYrZWaCCjnOZhGj5gSrYKW508/ZWypDIr1WAU=
github.com/gomatic/yze-errlast v0.1.1/go.mod h1:+X3lDlf01BMbUFb7CU51+JCkgP5HyD+ECBoKzKwpTmc=
github.com/gomatic/yze-gotostmt v0.1.0 h1:Gw9Jo3SOn/0ypl/eGbxlOrLtvIfAd1Sek6FGhM41u84=
github.com/gomatic/yze-gotostmt v0.1.0/go.mod h1:hvKGPiDhFaJttCn6C9zosJycWzslcZ1YFL8xZE/mlpM=
github.com/gomatic/yze-layout v0.1.1 h1:htE7HGUqgFS2aXqwsMv4CVuP8HHQYAiTDu8ZkIEL6Co=
github.com/gomatic/yze-layout v0.1.1/go.mod h1:6M1+9a7otVbEUZdrbT1Y20tDELvPrHN0GbqaofjcooI=
github.com/gomatic/yze-namedtypes v0.1.1 h1:YpLZT0b255HSHLYTuBC4MtEkMlyQf0QsNIUXh+eQ3VA=
github.com/gomatic/yze-namedtypes v0.1.1/go.mod h1:Ax97nUroKWQYgaJGHxGAiu5HYpHzTy36fBa2B2xJ6ds=
github.com/gomatic/yze-pkgstd v0.1.1 h1:S5SjRHRhihBWRRgQZ77gCQuX/N1Q99Q80SXgWv8kiWc=
github.com/gomatic/yze-pkgstd v0.1.1/go.mod h1:Sfnm7+F6pxW/eRmYuwTu8zMUeLx5bWDBnv9dtaMmlIY=
github.com/gomatic/yze-ptrparam v0.1.1 h1:zW6AzOopatxTQ602oppF+2VligLNJTy3D9idkq5t4Js=
github.com/gomatic/yze-ptrparam v0.1.1/go.mod h1:ReRnFXL5zVEeBOC7GXRND8cNpGi/Jr4uU52JKjMsHOo=
github.com/gomatic/yze-ptrrecv v0.1.1 h1:nFa/eFXWBhpMgNi5ubFZ6k5MiWj/FNcjSgwcx2AAjnw=
github.com/gomatic/yze-ptrrecv v0.1.1/go.mod h1:SDPE2e2OK1Gwv0MsPWdoG9Fop/1WSRk97brkJMpmEiI=
github.com/gomatic/yze-stdlog v0.1.1 h1:DqKwPLxqJ0q4bPubIwijFzyEs/rmk9fHLy4Ll5AYEDQ=
github.com/gomatic/yze-stdlog v0.1.1/go.mod h1:llsrLuN5lOhU1aaIwE9NevbaxzT5QHVXU+wcfx+z7KA=
github.com/gomatic/yze-testfile v0.1.1 h1:4dyXi2kAilM202FcMcvnG+hYq17nvpiPpt1h+75Mb2o=
github.com/gomatic/yze-testfile v0.1.1/go.mod h1:HOAhU5eNb3WLwdhqpGasiY5bkqb7jRe16lqivclTntk=
github.com/google/go-cmp v0.7.0 h1:wk8382ETsv4JYUZwIsn6YpYiWiBsYLSJiTsyBybVuN8=
github.com/google/go-cmp v0.7.0/go.mod h1:pXiqmnSA92OHEEa9HXL2W4E7lf9JzCmGVUdgjX3N/iU=
github.com/pmezard/go-difflib v1.0.0 h1:4DBwDE0NGyQoBHbLQYPwSUPoCMWR5BEzIk/f1lZbAQM=
github.com/pmezard/go-difflib v1.0.0/go.mod h1:iKH77koFhYxTK1pcRnkKkqfTogsbg7gZNVY4sRDYZ/4=
github.com/stretchr/testify v1.11.1 h1:7s2iGBzp5EwR7/aIZr8ao5+dra3wiQyKjjFuvgVKu7U=
github.com/stretchr/testify v1.11.1/go.mod h1:wZwfW3scLgRK+23gO65QZefKpKQRnfz6sD981Nm4B6U=
github.com/urfave/cli/v3 v3.10.1 h1:7Kx9H50hrHbRbyxgO1KP6/BcbiGRz0uYh5YyQ30JEEY=
github.com/urfave/cli/v3 v3.10.1/go.mod h1:ysVLtOEmg2tOy6PknnYVhDoouyC/6N42TMeoMzskhso=
golang.org/x/mod v0.37.0 h1:vF1DjpVEshcIqoEaauuHebaLk1O1forxjxBaVn884JQ=
golang.org/x/mod v0.37.0/go.mod h1:m8S8VeM9r4dzDwjrKO0a1sZP3YjeMamRRlD+fmR2Q/0=
golang.org/x/sync v0.21.0 h1:HLII4xRRTtCRkxYp4HNFF0Js/Og6q2i++KXbg0gHCwM=
golang.org/x/sync v0.21.0/go.mod h1:9xrNwdLfx4jkKbNva9FpL6vEN7evnE43NNNJQ2LF3+0=
golang.org/x/tools v0.47.0 h1:7Kn5x/d1svx/PzryTsqeoZN4TZwqeH5pGWjefhLi/1Q=
golang.org/x/tools v0.47.0/go.mod h1:dFHnyTvFWY212G+h7ZY4Vsp/K3U4/7W9TyVaAul8uCA=
gopkg.in/check.v1 v0.0.0-20161208181325-20d25e280405 h1:yhCVgyC4o1eVCa2tZl7eS0r+SDo693bJlVdllGtEeKM=
gopkg.in/check.v1 v0.0.0-20161208181325-20d25e280405/go.mod h1:Co6ibVJAznAaIkqp8huTwlJQCZ016jof/cbN4VW5Yz0=
gopkg.in/yaml.v3 v3.0.1 h1:fxVm/GzAzEWqLHuvctI91KS9hhNmmWOoWu0XTYJS7CA=
gopkg.in/yaml.v3 v3.0.1/go.mod h1:K4uyk7z7BCEPqu6E+C64Yfv1cQ7kz7rIZviUmN+EgEM=
