github.com/davecgh/go-spew v1.1.1 h1:vj9j/u1bqnvCEfJOwUhtlOARqs3+rkHYY13jYWTU97c=
github.com/davecgh/go-spew v1.1.1/go.mod h1:J7Y8YcW2NihsgmVo/mv3lAwl/skON4iLHjSsI+c5H38=
github.com/gomatic/go-error v0.3.14 h1:dDdQ3nY4tStJH4GTZNN2DoIU8zIGr1u28SGDAJZ1xws=
github.com/gomatic/go-error v0.3.14/go.mod h1:QVlrIcHreFp6u7n5UZiez8+eDllnV8eWP3vlDHSWnCo=
github.com/gomatic/go-sql v0.1.27 h1:TFPOB+Rr/jOdFOUUZmALcC27boTirf1k9zAUqLJSRPQ=
github.com/gomatic/go-sql v0.1.27/go.mod h1:kHTpSR8NQy/nGJH7T9edsJ0IJlpqqqVPPtoWtTd8Xpk=
github.com/gomatic/go-yze v0.10.3 h1:QhNhq7/eMunPzIdHAb57gHEgrmUH088C5NKN3wbCPcw=
github.com/gomatic/go-yze v0.10.3/go.mod h1:psWF4eaqhK96G8gSa5No1H4Ftm5euGFqlroLn7qR0eA=
github.com/gomatic/yze-go-anonstruct v0.2.21 h1:9o1CAoprwHZxGH8biSzPjah6OpmrlVb730HsjGOBupQ=
github.com/gomatic/yze-go-anonstruct v0.2.21/go.mod h1:cTjWnLKLz6ddb7+j5SQewKuYR4ffb+J1+iU2Ztx6Moo=
github.com/gomatic/yze-go-boolname v0.4.28 h1:mWjs5kWXwrtri58ye/NFe+e0KPyYw92A/5rd8AVmlRo=
github.com/gomatic/yze-go-boolname v0.4.28/go.mod h1:mzXkGUUsrFeAcQ3f6w/01OAPsHtWer7kNtTmZcRP3fM=
github.com/gomatic/yze-go-cliapp v0.4.4 h1:ikAvbQrlbXeUMUAipHuzeA+2L3xZXZ+Fgvn4sDUcu2s=
github.com/gomatic/yze-go-cliapp v0.4.4/go.mod h1:B7s3BU+21ZoZVAi1z6XwaE9ox+teY5seWfA76M3fYQk=
github.com/gomatic/yze-go-clidomain v0.2.5 h1:eyDYd2d+NSCHAAaH+BOU5QSwj7YhyS0NV2ot0WtpBaY=
github.com/gomatic/yze-go-clidomain v0.2.5/go.mod h1:Q04H+3I+hKXGdOVDVCUG3gltXuh3XuL8F2FH5lH4bgg=
github.com/gomatic/yze-go-cliflags v0.2.1 h1:z/KZgePb5vUG5bpbdbmfjI8laVWnG16vS83Ak5Edugw=
github.com/gomatic/yze-go-cliflags v0.2.1/go.mod h1:2MDMvzYKaYLsQ+mgqpiY7Jtk++ob1I7fEOjU8fvQhbk=
github.com/gomatic/yze-go-cliv3 v0.2.24 h1:sON2qYOW4OHZRS35VBfE7K4eNhCEDni1g13yFrF6DYk=
github.com/gomatic/yze-go-cliv3 v0.2.24/go.mod h1:ARM1jTf1iyTQGFeu+RV01S5tJJ1GCytholu4B0Zhhh4=
github.com/gomatic/yze-go-cliversion v0.2.21 h1:j+dhAqMj2F/uf0Zt2nQXhDBfC1dtVIEHvlDMJDsvZ8M=
github.com/gomatic/yze-go-cliversion v0.2.21/go.mod h1:Ctw7HJr44BdxlkSq02F80ozB6MkOv5vur/CtcKYHWKI=
github.com/gomatic/yze-go-ctxfirst v0.2.17 h1:IPBJaQzquue93b+/tZY1iJgHqiblLYC+4/oO8BqKTUY=
github.com/gomatic/yze-go-ctxfirst v0.2.17/go.mod h1:GGgDt6M3glaZQej8yqbfyplKAthanHY+lnkBp0QWhDE=
github.com/gomatic/yze-go-emptyiface v0.2.21 h1:Iv6t9fE/jKRBIAV0HtZtszQekHrAZQXZKZRadr14zY4=
github.com/gomatic/yze-go-emptyiface v0.2.21/go.mod h1:BdjlfNskS2rbRFopA6vmtF8XXIlKPMOX5XNW0VwXIyE=
github.com/gomatic/yze-go-enumdiscrim v0.1.3 h1:tEvH3eBYBK4Hn4ENuLWszsbwS3WfUoOyUdadrJUHk5Q=
github.com/gomatic/yze-go-enumdiscrim v0.1.3/go.mod h1:p1B6GmU2P6TYO4k30Ca6YoCj5HIQlp311v8YYB9CP2M=
github.com/gomatic/yze-go-errconst v0.3.18 h1:ZQdQ39XnUe/BosV0uA+QScpC9ZIdnIoKBGolh0uqhbY=
github.com/gomatic/yze-go-errconst v0.3.18/go.mod h1:6kaYQRhsKClVaYQ7qtjqyft8KbyzS5na1lrxF8zK8Ps=
github.com/gomatic/yze-go-errlast v0.2.17 h1:LctZA1IxRMCRoK5vAmt2cKrJV+tRp8RECRkooTqEG0w=
github.com/gomatic/yze-go-errlast v0.2.17/go.mod h1:yTk/8Bob67VHC5a8GrqIGyWYyR3q5oL84gMnt5XZVYQ=
github.com/gomatic/yze-go-errtest v0.2.6 h1:B7nPVKhho0K2mTSX2JKya/xtjIAFVo1LKJUn2uEJXRE=
github.com/gomatic/yze-go-errtest v0.2.6/go.mod h1:UWz3IaYbi8BEbBgJ4K0/+kYRJWk+9cwNRUb9A96OwI0=
github.com/gomatic/yze-go-errtested v0.1.10 h1:n8ufdh/BCXXshZgMLRGIHa5NlGsBuL+drDjy8XS9uSM=
github.com/gomatic/yze-go-errtested v0.1.10/go.mod h1:7LnHKL+yZlXBQuJXPmQH+ziBooQdpnLbbNTGLjbFf8g=
github.com/gomatic/yze-go-filesize v0.1.3 h1:gzlHEafVdRrTtirSsmCvUJdNhUVnXxSN1b/HeAxAdgs=
github.com/gomatic/yze-go-filesize v0.1.3/go.mod h1:RpWlGssKc04Axm0iif6Gkrs3IOqjh3TfG/jMVhxOzzo=
github.com/gomatic/yze-go-fuzzassert v0.1.3 h1:4GT5DuJxTOzM/yN+SEBcEC0gbC06Idi4hw5W8IpKyzY=
github.com/gomatic/yze-go-fuzzassert v0.1.3/go.mod h1:OQaez+/H6AnpWOxsu8Yxvh76AqhXxJx34c5YGtHlmCU=
github.com/gomatic/yze-go-fuzzreq v0.1.3 h1:j/y4O7iU7gIGoTNB7KDpzjqg8X14yysOcOo2CyIkNDY=
github.com/gomatic/yze-go-fuzzreq v0.1.3/go.mod h1:XtMcDg77C7CM8d1iWBEdjVsrH24GlbuZleKu3cNfHTM=
github.com/gomatic/yze-go-globalvar v0.2.22 h1:A8QwJJb/XKIkY2FgHEd2OTlHkXviU13+OM9b8X8IV88=
github.com/gomatic/yze-go-globalvar v0.2.22/go.mod h1:0RviThjVxOZgwU26f0dNRBOcLe8bVs+ekSwR0/mgbMI=
github.com/gomatic/yze-go-gotostmt v0.2.18 h1:wCNhC+ppq8QDVK92VzNJXSjzQxsC/2baZWCmzeThX1M=
github.com/gomatic/yze-go-gotostmt v0.2.18/go.mod h1:EpxZ4N7XlOUw4EPP9oIJvIHxloLnn2UsiumEBgEvE34=
github.com/gomatic/yze-go-importalias v0.1.2 h1:wmH6BZsfsUgWax6J7zAamijBRFBimixIqW2aqreidto=
github.com/gomatic/yze-go-importalias v0.1.2/go.mod h1:N7yhCt6GEE+tTUoaUj88hqlm6cJT5L9x8KhUz/o6UTQ=
github.com/gomatic/yze-go-invariant v0.1.7 h1:fRC/3bfLlfXvq9f4fKMjigCGvT6y6mJwSvXpCiuL9jg=
github.com/gomatic/yze-go-invariant v0.1.7/go.mod h1:bW+f9t54QzVxvPR/AdTM4b9+y+DqbrkeFlOdVaGD79E=
github.com/gomatic/yze-go-jsontag v0.3.23 h1://A5nLqLuTaZRCli2bKsXdSpMNuWHPhy1P3QmyI858o=
github.com/gomatic/yze-go-jsontag v0.3.23/go.mod h1:N9/65d2dXjGAnGfQQE6R3UjFfv5wjwlMaNDuqqZ43hQ=
github.com/gomatic/yze-go-namedtypes v0.5.24 h1:5A+lEE/a1OBQphRL5lZPaWTmzn30nOmChFpVlFkp+ZY=
github.com/gomatic/yze-go-namedtypes v0.5.24/go.mod h1:ihl7tnBXGDgwlRTpakEV4+LeXoH5vC33YE2ucDgyFsg=
github.com/gomatic/yze-go-noinit v0.1.16 h1:AMc1qg7gcB6I+zOzrT50dhi7aEfOGj4tXgGRco+CBq4=
github.com/gomatic/yze-go-noinit v0.1.16/go.mod h1:ifyWeixMxtenQfSFNOwK8rh9n4Vz73TjYWDzwukNi24=
github.com/gomatic/yze-go-nopanic v0.1.16 h1:+e1IR3Kh8LQ8lEJcfj7/GnXQnNMUMwERXnzn1HDEYpY=
github.com/gomatic/yze-go-nopanic v0.1.16/go.mod h1:nPmQA7opc/whzB+IfHh5nsGkqpvIkDHOxRGTTJMPcuA=
github.com/gomatic/yze-go-ptrparam v0.6.22 h1:LMnHE+zL2+BVSwEdW91vXQs5dWnwQyzyNgy2uyLRHFA=
github.com/gomatic/yze-go-ptrparam v0.6.22/go.mod h1:8WrA7ykuHk1+PezQwM2Ix8Bv/vp5viockNUKKc2CN9o=
github.com/gomatic/yze-go-ptrrecv v0.4.23 h1:e1JxcOQBKrMI+fnrud0Wd7+yYwOHHEWkrT+IdtE+AE4=
github.com/gomatic/yze-go-ptrrecv v0.4.23/go.mod h1:7cLL5qslcVMwo7bxtkDOyPLlI+T9KmMUSQOMZZXCHCs=
github.com/gomatic/yze-go-slogkv v0.1.18 h1:ukSAmJCexkg7GotzljMozMjj9UunKVsdjTFO/dK8mKA=
github.com/gomatic/yze-go-slogkv v0.1.18/go.mod h1:q8GfOKYlstOv4B4nfZV0Oa3ajhS3Ni61RhZJRsG7sms=
github.com/gomatic/yze-go-stdlog v0.2.16 h1:NdKEYdLKmLOqzUtu7HDoGmIrQ6vViT2OeTNbwkBT4kA=
github.com/gomatic/yze-go-stdlog v0.2.16/go.mod h1:nhCFceTEATrR4/XFnlRal6YnxGU/izryKRuV8TI0ZI4=
github.com/gomatic/yze-go-testfile v0.2.29 h1:o0z6QcHY6UJ8pw+66+6td1dsKTujwop+Wm63Fq7A/9U=
github.com/gomatic/yze-go-testfile v0.2.29/go.mod h1:x3AFfRnxWL06jxWNOL0FloQz774wufgLj45FsZKg/94=
github.com/gomatic/yze-go-valuector v0.1.22 h1:r6mgZ2QckZYJP6RGEYrnET4h9OjVu9fVUzM8BDZQERo=
github.com/gomatic/yze-go-valuector v0.1.22/go.mod h1:f+rAuZa2EkPQiUk2V5Fe7nS3p7KTvCreVRkhBD0z8YA=
github.com/gomatic/yze-sql-keywordcase v0.4.26 h1:zf70fLN4FbnPZlDj/g4s52PZRmDnnUvMYAbRsaD637s=
github.com/gomatic/yze-sql-keywordcase v0.4.26/go.mod h1:iEt/0zPg+ymkownzbrGeRUvEJJkBbFb92nuDXrLju+0=
github.com/google/go-cmp v0.7.0 h1:wk8382ETsv4JYUZwIsn6YpYiWiBsYLSJiTsyBybVuN8=
github.com/google/go-cmp v0.7.0/go.mod h1:pXiqmnSA92OHEEa9HXL2W4E7lf9JzCmGVUdgjX3N/iU=
github.com/kr/pretty v0.3.1 h1:flRD4NNwYAUpkphVc1HcthR4KEIFJ65n8Mw5qdRn3LE=
github.com/kr/pretty v0.3.1/go.mod h1:hoEshYVHaxMs3cyo3Yncou5ZscifuDolrwPKZanG3xk=
github.com/kr/text v0.2.0 h1:5Nx0Ya0ZqY2ygV366QzturHI13Jq95ApcVaJBhpS+AY=
github.com/kr/text v0.2.0/go.mod h1:eLer722TekiGuMkidMxC/pM04lWEeraHUUmBw8l2grE=
github.com/pganalyze/pg_query_go/v6 v6.2.2 h1:O0L6zMC226R82RF3X5n0Ki6HjytDsoAzuzp4ATVAHNo=
github.com/pganalyze/pg_query_go/v6 v6.2.2/go.mod h1:Cn6+j4870kJz3iYNsb0VsNG04vpSWgEvBwc590J4qD0=
github.com/pmezard/go-difflib v1.0.0 h1:4DBwDE0NGyQoBHbLQYPwSUPoCMWR5BEzIk/f1lZbAQM=
github.com/pmezard/go-difflib v1.0.0/go.mod h1:iKH77koFhYxTK1pcRnkKkqfTogsbg7gZNVY4sRDYZ/4=
github.com/rogpeppe/go-internal v1.14.1 h1:UQB4HGPB6osV0SQTLymcB4TgvyWu6ZyliaW0tI/otEQ=
github.com/rogpeppe/go-internal v1.14.1/go.mod h1:MaRKkUm5W0goXpeCfT7UZI6fk/L7L7so1lCWt35ZSgc=
github.com/stretchr/testify v1.11.1 h1:7s2iGBzp5EwR7/aIZr8ao5+dra3wiQyKjjFuvgVKu7U=
github.com/stretchr/testify v1.11.1/go.mod h1:wZwfW3scLgRK+23gO65QZefKpKQRnfz6sD981Nm4B6U=
github.com/urfave/cli/v3 v3.10.1 h1:7Kx9H50hrHbRbyxgO1KP6/BcbiGRz0uYh5YyQ30JEEY=
github.com/urfave/cli/v3 v3.10.1/go.mod h1:ysVLtOEmg2tOy6PknnYVhDoouyC/6N42TMeoMzskhso=
golang.org/x/mod v0.38.0 h1:MECBjubtXD7yj4HrhIUcywNaGeNVUdfVnxmPajOk4yk=
golang.org/x/mod v0.38.0/go.mod h1:V6Xz0pq8TQ3dGqVQ1FVHuelZpAL0uNhSkk9ogYP3c40=
golang.org/x/sync v0.22.0 h1:SZjpbeLmrCk4xhRSZFNZW5gFUeCeFgjekvI/+gfScek=
golang.org/x/sync v0.22.0/go.mod h1:9xrNwdLfx4jkKbNva9FpL6vEN7evnE43NNNJQ2LF3+0=
golang.org/x/tools v0.48.0 h1:3+hClM1aLL5mjMKm5ovokw9epgRXPuu2tILgismM6RE=
golang.org/x/tools v0.48.0/go.mod h1:08xX0orndb/F7jJxGDicx061tyd5pcMto75YMAXr6lk=
google.golang.org/protobuf v1.36.11 h1:fV6ZwhNocDyBLK0dj+fg8ektcVegBBuEolpbTQyBNVE=
google.golang.org/protobuf v1.36.11/go.mod h1:HTf+CrKn2C3g5S8VImy6tdcUvCska2kB7j23XfzDpco=
gopkg.in/check.v1 v0.0.0-20161208181325-20d25e280405/go.mod h1:Co6ibVJAznAaIkqp8huTwlJQCZ016jof/cbN4VW5Yz0=
gopkg.in/check.v1 v1.0.0-20201130134442-10cb98267c6c h1:Hei/4ADfdWqJk1ZMxUNpqntNwaWcugrBjAiHlqqRiVk=
gopkg.in/check.v1 v1.0.0-20201130134442-10cb98267c6c/go.mod h1:JHkPIbrfpd72SG/EVd6muEfDQjcINNoR0C8j2r3qZ4Q=
gopkg.in/yaml.v3 v3.0.1 h1:fxVm/GzAzEWqLHuvctI91KS9hhNmmWOoWu0XTYJS7CA=
gopkg.in/yaml.v3 v3.0.1/go.mod h1:K4uyk7z7BCEPqu6E+C64Yfv1cQ7kz7rIZviUmN+EgEM=
